
Microsoft Visual Studio Solution File, Format Version 12.00
# Visual Studio 15
VisualStudioVersion = 15.0.26124.0
MinimumVisualStudioVersion = 15.0.26124.0
Project("{FAE04EC0-301F-11D3-BF4B-00C04F79EFBC}") = "SynPatcher", "SynLoadScreenRemover\SynPatcher.csproj", "{73959EC6-ACA3-48E3-BFAE-D661BCD9394A}"
EndProject
